
Microsoft Visual Studio Solution File, Format Version 12.00
# Visual Studio Version 17
VisualStudioVersion = 17.9.34607.119
MinimumVisualStudioVersion = 10.0.40219.1
Project("{FAE04EC0-301F-11D3-BF4B-00C04F79EFBC}") = "Lab7", "Lab7\Lab7.csproj", "{1C9B4AF8-1038-4805-8F4A-C5E1017D4CB1}"
EndProject
Global
	GlobalSection(SolutionConfigurationPlatforms) = preSolution
		Debug|Any CPU = Debug|Any CPU
		Release|Any CPU = Release|Any CPU
	EndGlobalSection
	GlobalSection(ProjectConfigurationPlatforms) = postSolution
		{1C9B4AF8-1038-4805-8F4A-C5E1017D4CB1}.Debug|Any CPU.ActiveCfg = Debug|Any CPU
		{1C9B4AF8-1038-4805-8F4A-C5E1017D4CB1}.Debug|Any CPU.Build.0 = Debug|Any CPU
		{1C9B4AF8-1038-4805-8F4A-C5E1017D4CB1}.Release|Any CPU.ActiveCfg = Release|Any CPU
		{1C9B4AF8-1038-4805-8F4A-C5E1017D4CB1}.Release|Any CPU.Build.0 = Release|Any CPU
	EndGlobalSection
	GlobalSection(SolutionProperties) = preSolution
		HideSolutionNode = FALSE
	EndGlobalSection
	GlobalSection(ExtensibilityGlobals) = postSolution
		SolutionGuid = {2BF2621B-B89A-49E6-B122-1ED21F8A8A45}
	EndGlobalSection
EndGlobal
